// !$*UTF8*$!
{
	archiveVersion = 1;
	classes = {
	};
	objectVersion = 50;
	objects = {

/* Begin PBXBuildFile section */
		910FE55E25BE73AD00135045 /* main.cpp in Sources */ = {isa = PBXBuildFile; fileRef = 910FE55D25BE73AD00135045 /* main.cpp */; };
		916EBF1825BE8402009716A3 /* Game.cpp in Sources */ = {isa = PBXBuildFile; fileRef = 916EBF1625BE8402009716A3 /* Game.cpp */; };
		916EBF1F25BEFAFE009716A3 /* Assets.cpp in Sources */ = {isa = PBXBuildFile; fileRef = 916EBF1D25BEFAFE009716A3 /* Assets.cpp */; };
		91B3E7A225BF7DF9007C1172 /* SDL2_image.framework in Frameworks */ = {isa = PBXBuildFile; fileRef = 912F7BD025BF76A4001C678E /* SDL2_image.framework */; };
		91B3E7A325BF7DF9007C1172 /* SDL2_image.framework in Embed Frameworks */ = {isa = PBXBuildFile; fileRef = 912F7BD025BF76A4001C678E /* SDL2_image.framework */; settings = {ATTRIBUTES = (CodeSignOnCopy, RemoveHeadersOnCopy, ); }; };
		91B3E7A525BF7DFA007C1172 /* SDL2.framework in Frameworks */ = {isa = PBXBuildFile; fileRef = 9171081625BE74FB00DA3B3F /* SDL2.framework */; };
		91B3E7A625BF7DFA007C1172 /* SDL2.framework in Embed Frameworks */ = {isa = PBXBuildFile; fileRef = 9171081625BE74FB00DA3B3F /* SDL2.framework */; settings = {ATTRIBUTES = (CodeSignOnCopy, RemoveHeadersOnCopy, ); }; };
		91D98DAC25BF698C00DEDA8A /* Renderer.cpp in Sources */ = {isa = PBXBuildFile; fileRef = 91D98DAA25BF698C00DEDA8A /* Renderer.cpp */; };
		91D98DB025BF699B00DEDA8A /* Physics.cpp in Sources */ = {isa = PBXBuildFile; fileRef = 91D98DAE25BF699B00DEDA8A /* Physics.cpp */; };
		91D98DB425BF69A700DEDA8A /* GameObject.cpp in Sources */ = {isa = PBXBuildFile; fileRef = 91D98DB225BF69A700DEDA8A /* GameObject.cpp */; };
		91D98DB825BF6A3500DEDA8A /* Time.cpp in Sources */ = {isa = PBXBuildFile; fileRef = 91D98DB625BF6A3500DEDA8A /* Time.cpp */; };
/* End PBXBuildFile section */

/* Begin PBXCopyFilesBuildPhase section */
		910FE55825BE73AD00135045 /* CopyFiles */ = {
			isa = PBXCopyFilesBuildPhase;
			buildActionMask = 2147483647;
			dstPath = /usr/share/man/man1/;
			dstSubfolderSpec = 0;
			files = (
			);
			runOnlyForDeploymentPostprocessing = 1;
		};
		91B3E7A425BF7DF9007C1172 /* Embed Frameworks */ = {
			isa = PBXCopyFilesBuildPhase;
			buildActionMask = 2147483647;
			dstPath = "";
			dstSubfolderSpec = 10;
			files = (
				91B3E7A325BF7DF9007C1172 /* SDL2_image.framework in Embed Frameworks */,
				91B3E7A625BF7DFA007C1172 /* SDL2.framework in Embed Frameworks */,
			);
			name = "Embed Frameworks";
			runOnlyForDeploymentPostprocessing = 0;
		};
/* End PBXCopyFilesBuildPhase section */

/* Begin PBXFileReference section */
		910FE55A25BE73AD00135045 /* This Is a Game */ = {isa = PBXFileReference; explicitFileType = "compiled.mach-o.executable"; includeInIndex = 0; path = "This Is a Game"; sourceTree = BUILT_PRODUCTS_DIR; };
		910FE55D25BE73AD00135045 /* main.cpp */ = {isa = PBXFileReference; lastKnownFileType = sourcecode.cpp.cpp; path = main.cpp; sourceTree = "<group>"; };
		912F7BD025BF76A4001C678E /* SDL2_image.framework */ = {isa = PBXFileReference; lastKnownFileType = wrapper.framework; name = SDL2_image.framework; path = ../../../../../Library/Frameworks/SDL2_image.framework; sourceTree = "<group>"; };
		916EBF1625BE8402009716A3 /* Game.cpp */ = {isa = PBXFileReference; lastKnownFileType = sourcecode.cpp.cpp; path = Game.cpp; sourceTree = "<group>"; };
		916EBF1725BE8402009716A3 /* Game.hpp */ = {isa = PBXFileReference; lastKnownFileType = sourcecode.cpp.h; path = Game.hpp; sourceTree = "<group>"; };
		916EBF1D25BEFAFE009716A3 /* Assets.cpp */ = {isa = PBXFileReference; lastKnownFileType = sourcecode.cpp.cpp; path = Assets.cpp; sourceTree = "<group>"; };
		916EBF1E25BEFAFE009716A3 /* Assets.hpp */ = {isa = PBXFileReference; lastKnownFileType = sourcecode.cpp.h; path = Assets.hpp; sourceTree = "<group>"; };
		9171081625BE74FB00DA3B3F /* SDL2.framework */ = {isa = PBXFileReference; lastKnownFileType = wrapper.framework; name = SDL2.framework; path = ../../../../../../Library/Frameworks/SDL2.framework; sourceTree = "<group>"; };
		91D98DAA25BF698C00DEDA8A /* Renderer.cpp */ = {isa = PBXFileReference; lastKnownFileType = sourcecode.cpp.cpp; path = Renderer.cpp; sourceTree = "<group>"; };
		91D98DAB25BF698C00DEDA8A /* Renderer.hpp */ = {isa = PBXFileReference; lastKnownFileType = sourcecode.cpp.h; path = Renderer.hpp; sourceTree = "<group>"; };
		91D98DAE25BF699B00DEDA8A /* Physics.cpp */ = {isa = PBXFileReference; lastKnownFileType = sourcecode.cpp.cpp; path = Physics.cpp; sourceTree = "<group>"; };
		91D98DAF25BF699B00DEDA8A /* Physics.hpp */ = {isa = PBXFileReference; lastKnownFileType = sourcecode.cpp.h; path = Physics.hpp; sourceTree = "<group>"; };
		91D98DB225BF69A700DEDA8A /* GameObject.cpp */ = {isa = PBXFileReference; lastKnownFileType = sourcecode.cpp.cpp; path = GameObject.cpp; sourceTree = "<group>"; };
		91D98DB325BF69A700DEDA8A /* GameObject.hpp */ = {isa = PBXFileReference; lastKnownFileType = sourcecode.cpp.h; path = GameObject.hpp; sourceTree = "<group>"; };
		91D98DB625BF6A3500DEDA8A /* Time.cpp */ = {isa = PBXFileReference; lastKnownFileType = sourcecode.cpp.cpp; path = Time.cpp; sourceTree = "<group>"; };
		91D98DB725BF6A3500DEDA8A /* Time.hpp */ = {isa = PBXFileReference; lastKnownFileType = sourcecode.cpp.h; path = Time.hpp; sourceTree = "<group>"; };
/* End PBXFileReference section */

/* Begin PBXFrameworksBuildPhase section */
		910FE55725BE73AD00135045 /* Frameworks */ = {
			isa = PBXFrameworksBuildPhase;
			buildActionMask = 2147483647;
			files = (
				91B3E7A225BF7DF9007C1172 /* SDL2_image.framework in Frameworks */,
				91B3E7A525BF7DFA007C1172 /* SDL2.framework in Frameworks */,
			);
			runOnlyForDeploymentPostprocessing = 0;
		};
/* End PBXFrameworksBuildPhase section */

/* Begin PBXGroup section */
		910FE55125BE73AD00135045 = {
			isa = PBXGroup;
			children = (
				910FE55C25BE73AD00135045 /* src */,
				910FE55B25BE73AD00135045 /* Products */,
				9171081525BE74FB00DA3B3F /* Frameworks */,
			);
			sourceTree = "<group>";
		};
		910FE55B25BE73AD00135045 /* Products */ = {
			isa = PBXGroup;
			children = (
				910FE55A25BE73AD00135045 /* This Is a Game */,
			);
			name = Products;
			sourceTree = "<group>";
		};
		910FE55C25BE73AD00135045 /* src */ = {
			isa = PBXGroup;
			children = (
				910FE55D25BE73AD00135045 /* main.cpp */,
				916EBF1625BE8402009716A3 /* Game.cpp */,
				916EBF1725BE8402009716A3 /* Game.hpp */,
				916EBF1D25BEFAFE009716A3 /* Assets.cpp */,
				916EBF1E25BEFAFE009716A3 /* Assets.hpp */,
				91D98DAA25BF698C00DEDA8A /* Renderer.cpp */,
				91D98DAB25BF698C00DEDA8A /* Renderer.hpp */,
				91D98DAE25BF699B00DEDA8A /* Physics.cpp */,
				91D98DAF25BF699B00DEDA8A /* Physics.hpp */,
				91D98DB225BF69A700DEDA8A /* GameObject.cpp */,
				91D98DB325BF69A700DEDA8A /* GameObject.hpp */,
				91D98DB625BF6A3500DEDA8A /* Time.cpp */,
				91D98DB725BF6A3500DEDA8A /* Time.hpp */,
			);
			path = src;
			sourceTree = "<group>";
		};
		9171081525BE74FB00DA3B3F /* Frameworks */ = {
			isa = PBXGroup;
			children = (
				912F7BD025BF76A4001C678E /* SDL2_image.framework */,
				9171081625BE74FB00DA3B3F /* SDL2.framework */,
			);
			name = Frameworks;
			sourceTree = "<group>";
		};
/* End PBXGroup section */

/* Begin PBXNativeTarget section */
		910FE55925BE73AD00135045 /* This Is a Game */ = {
			isa = PBXNativeTarget;
			buildConfigurationList = 910FE56125BE73AD00135045 /* Build configuration list for PBXNativeTarget "This Is a Game" */;
			buildPhases = (
				910FE55625BE73AD00135045 /* Sources */,
				910FE55725BE73AD00135045 /* Frameworks */,
				910FE55825BE73AD00135045 /* CopyFiles */,
				91B3E7A425BF7DF9007C1172 /* Embed Frameworks */,
			);
			buildRules = (
			);
			dependencies = (
			);
			name = "This Is a Game";
			productName = "This Is a Game";
			productReference = 910FE55A25BE73AD00135045 /* This Is a Game */;
			productType = "com.apple.product-type.tool";
		};
/* End PBXNativeTarget section */

/* Begin PBXProject section */
		910FE55225BE73AD00135045 /* Project object */ = {
			isa = PBXProject;
			attributes = {
				LastUpgradeCheck = 1230;
				TargetAttributes = {
					910FE55925BE73AD00135045 = {
						CreatedOnToolsVersion = 12.3;
					};
				};
			};
			buildConfigurationList = 910FE55525BE73AD00135045 /* Build configuration list for PBXProject "This Is a Game" */;
			compatibilityVersion = "Xcode 9.3";
			developmentRegion = en;
			hasScannedForEncodings = 0;
			knownRegions = (
				en,
				Base,
			);
			mainGroup = 910FE55125BE73AD00135045;
			productRefGroup = 910FE55B25BE73AD00135045 /* Products */;
			projectDirPath = "";
			projectRoot = "";
			targets = (
				910FE55925BE73AD00135045 /* This Is a Game */,
			);
		};
/* End PBXProject section */

/* Begin PBXSourcesBuildPhase section */
		910FE55625BE73AD00135045 /* Sources */ = {
			isa = PBXSourcesBuildPhase;
			buildActionMask = 2147483647;
			files = (
				91D98DAC25BF698C00DEDA8A /* Renderer.cpp in Sources */,
				910FE55E25BE73AD00135045 /* main.cpp in Sources */,
				91D98DB425BF69A700DEDA8A /* GameObject.cpp in Sources */,
				91D98DB025BF699B00DEDA8A /* Physics.cpp in Sources */,
				916EBF1F25BEFAFE009716A3 /* Assets.cpp in Sources */,
				91D98DB825BF6A3500DEDA8A /* Time.cpp in Sources */,
				916EBF1825BE8402009716A3 /* Game.cpp in Sources */,
			);
			runOnlyForDeploymentPostprocessing = 0;
		};
/* End PBXSourcesBuildPhase section */

/* Begin XCBuildConfiguration section */
		910FE55F25BE73AD00135045 /* Debug */ = {
			isa = XCBuildConfiguration;
			buildSettings = {
				ALWAYS_SEARCH_USER_PATHS = NO;
				CLANG_ANALYZER_NONNULL = YES;
				CLANG_ANALYZER_NUMBER_OBJECT_CONVERSION = YES_AGGRESSIVE;
				CLANG_CXX_LANGUAGE_STANDARD = "gnu++14";
				CLANG_CXX_LIBRARY = "libc++";
				CLANG_ENABLE_MODULES = YES;
				CLANG_ENABLE_OBJC_ARC = YES;
				CLANG_ENABLE_OBJC_WEAK = YES;
				CLANG_WARN_BLOCK_CAPTURE_AUTORELEASING = YES;
				CLANG_WARN_BOOL_CONVERSION = YES;
				CLANG_WARN_COMMA = YES;
				CLANG_WARN_CONSTANT_CONVERSION = YES;
				CLANG_WARN_DEPRECATED_OBJC_IMPLEMENTATIONS = YES;
				CLANG_WARN_DIRECT_OBJC_ISA_USAGE = YES_ERROR;
				CLANG_WARN_DOCUMENTATION_COMMENTS = YES;
				CLANG_WARN_EMPTY_BODY = YES;
				CLANG_WARN_ENUM_CONVERSION = YES;
				CLANG_WARN_INFINITE_RECURSION = YES;
				CLANG_WARN_INT_CONVERSION = YES;
				CLANG_WARN_NON_LITERAL_NULL_CONVERSION = YES;
				CLANG_WARN_OBJC_IMPLICIT_RETAIN_SELF = YES;
				CLANG_WARN_OBJC_LITERAL_CONVERSION = YES;
				CLANG_WARN_OBJC_ROOT_CLASS = YES_ERROR;
				CLANG_WARN_QUOTED_INCLUDE_IN_FRAMEWORK_HEADER = YES;
				CLANG_WARN_RANGE_LOOP_ANALYSIS = YES;
				CLANG_WARN_STRICT_PROTOTYPES = YES;
				CLANG_WARN_SUSPICIOUS_MOVE = YES;
				CLANG_WARN_UNGUARDED_AVAILABILITY = YES_AGGRESSIVE;
				CLANG_WARN_UNREACHABLE_CODE = YES;
				CLANG_WARN__DUPLICATE_METHOD_MATCH = YES;
				COPY_PHASE_STRIP = NO;
				DEBUG_INFORMATION_FORMAT = dwarf;
				ENABLE_STRICT_OBJC_MSGSEND = YES;
				ENABLE_TESTABILITY = YES;
				GCC_C_LANGUAGE_STANDARD = gnu11;
				GCC_DYNAMIC_NO_PIC = NO;
				GCC_NO_COMMON_BLOCKS = YES;
				GCC_OPTIMIZATION_LEVEL = 0;
				GCC_PREPROCESSOR_DEFINITIONS = (
					"DEBUG=1",
					"$(inherited)",
				);
				GCC_WARN_64_TO_32_BIT_CONVERSION = YES;
				GCC_WARN_ABOUT_RETURN_TYPE = YES_ERROR;
				GCC_WARN_UNDECLARED_SELECTOR = YES;
				GCC_WARN_UNINITIALIZED_AUTOS = YES_AGGRESSIVE;
				GCC_WARN_UNUSED_FUNCTION = YES;
				GCC_WARN_UNUSED_VARIABLE = YES;
				MACOSX_DEPLOYMENT_TARGET = 10.15;
				MTL_ENABLE_DEBUG_INFO = INCLUDE_SOURCE;
				MTL_FAST_MATH = YES;
				ONLY_ACTIVE_ARCH = YES;
				SDKROOT = macosx;
			};
			name = Debug;
		};
		910FE56025BE73AD00135045 /* Release */ = {
			isa = XCBuildConfiguration;
			buildSettings = {
				ALWAYS_SEARCH_USER_PATHS = NO;
				CLANG_ANALYZER_NONNULL = YES;
				CLANG_ANALYZER_NUMBER_OBJECT_CONVERSION = YES_AGGRESSIVE;
				CLANG_CXX_LANGUAGE_STANDARD = "gnu++14";
				CLANG_CXX_LIBRARY = "libc++";
				CLANG_ENABLE_MODULES = YES;
				CLANG_ENABLE_OBJC_ARC = YES;
				CLANG_ENABLE_OBJC_WEAK = YES;
				CLANG_WARN_BLOCK_CAPTURE_AUTORELEASING = YES;
				CLANG_WARN_BOOL_CONVERSION = YES;
				CLANG_WARN_COMMA = YES;
				CLANG_WARN_CONSTANT_CONVERSION = YES;
				CLANG_WARN_DEPRECATED_OBJC_IMPLEMENTATIONS = YES;
				CLANG_WARN_DIRECT_OBJC_ISA_USAGE = YES_ERROR;
				CLANG_WARN_DOCUMENTATION_COMMENTS = YES;
				CLANG_WARN_EMPTY_BODY = YES;
				CLANG_WARN_ENUM_CONVERSION = YES;
				CLANG_WARN_INFINITE_RECURSION = YES;
				CLANG_WARN_INT_CONVERSION = YES;
				CLANG_WARN_NON_LITERAL_NULL_CONVERSION = YES;
				CLANG_WARN_OBJC_IMPLICIT_RETAIN_SELF = YES;
				CLANG_WARN_OBJC_LITERAL_CONVERSION = YES;
				CLANG_WARN_OBJC_ROOT_CLASS = YES_ERROR;
				CLANG_WARN_QUOTED_INCLUDE_IN_FRAMEWORK_HEADER = YES;
				CLANG_WARN_RANGE_LOOP_ANALYSIS = YES;
				CLANG_WARN_STRICT_PROTOTYPES = YES;
				CLANG_WARN_SUSPICIOUS_MOVE = YES;
				CLANG_WARN_UNGUARDED_AVAILABILITY = YES_AGGRESSIVE;
				CLANG_WARN_UNREACHABLE_CODE = YES;
				CLANG_WARN__DUPLICATE_METHOD_MATCH = YES;
				COPY_PHASE_STRIP = NO;
				DEBUG_INFORMATION_FORMAT = "dwarf-with-dsym";
				ENABLE_NS_ASSERTIONS = NO;
				ENABLE_STRICT_OBJC_MSGSEND = YES;
				GCC_C_LANGUAGE_STANDARD = gnu11;
				GCC_NO_COMMON_BLOCKS = YES;
				GCC_WARN_64_TO_32_BIT_CONVERSION = YES;
				GCC_WARN_ABOUT_RETURN_TYPE = YES_ERROR;
				GCC_WARN_UNDECLARED_SELECTOR = YES;
				GCC_WARN_UNINITIALIZED_AUTOS = YES_AGGRESSIVE;
				GCC_WARN_UNUSED_FUNCTION = YES;
				GCC_WARN_UNUSED_VARIABLE = YES;
				MACOSX_DEPLOYMENT_TARGET = 10.15;
				MTL_ENABLE_DEBUG_INFO = NO;
				MTL_FAST_MATH = YES;
				SDKROOT = macosx;
			};
			name = Release;
		};
		910FE56225BE73AD00135045 /* Debug */ = {
			isa = XCBuildConfiguration;
			buildSettings = {
				CODE_SIGN_STYLE = Automatic;
				FRAMEWORK_SEARCH_PATHS = (
					"$(inherited)",
					"$(LOCAL_LIBRARY_DIR)/Frameworks",
				);
				PRODUCT_NAME = "$(TARGET_NAME)";
			};
			name = Debug;
		};
		910FE56325BE73AD00135045 /* Release */ = {
			isa = XCBuildConfiguration;
			buildSettings = {
				CODE_SIGN_STYLE = Automatic;
				FRAMEWORK_SEARCH_PATHS = (
					"$(inherited)",
					"$(LOCAL_LIBRARY_DIR)/Frameworks",
				);
				PRODUCT_NAME = "$(TARGET_NAME)";
			};
			name = Release;
		};
/* End XCBuildConfiguration section */

/* Begin XCConfigurationList section */
		910FE55525BE73AD00135045 /* Build configuration list for PBXProject "This Is a Game" */ = {
			isa = XCConfigurationList;
			buildConfigurations = (
				910FE55F25BE73AD00135045 /* Debug */,
				910FE56025BE73AD00135045 /* Release */,
			);
			defaultConfigurationIsVisible = 0;
			defaultConfigurationName = Release;
		};
		910FE56125BE73AD00135045 /* Build configuration list for PBXNativeTarget "This Is a Game" */ = {
			isa = XCConfigurationList;
			buildConfigurations = (
				910FE56225BE73AD00135045 /* Debug */,
				910FE56325BE73AD00135045 /* Release */,
			);
			defaultConfigurationIsVisible = 0;
			defaultConfigurationName = Release;
		};
/* End XCConfigurationList section */
	};
	rootObject = 910FE55225BE73AD00135045 /* Project object */;
}
